
Microsoft Visual Studio Solution File, Format Version 12.00
# Visual Studio 14
VisualStudioVersion = 14.0.25123.0
MinimumVisualStudioVersion = 10.0.40219.1
Project("{FAE04EC0-301F-11D3-BF4B-00C04F79EFBC}") = "StringFilter", "StringFilter\StringFilter.csproj", "{410A0E64-F112-4B7C-9A49-421F8A7E176B}"
EndProject
Project("{FAE04EC0-301F-11D3-BF4B-00C04F79EFBC}") = "StringFilter.Tests", "StringFilter.Tests\StringFilter.Tests.csproj", "{EF06F4F6-36F4-4449-8ED4-7B9B71FBB980}"
EndProject
Global
	GlobalSection(SolutionConfigurationPlatforms) = preSolution
		Debug|Any CPU = Debug|Any CPU
		Release|Any CPU = Release|Any CPU
	EndGlobalSection
	GlobalSection(ProjectConfigurationPlatforms) = postSolution
		{410A0E64-F112-4B7C-9A49-421F8A7E176B}.Debug|Any CPU.ActiveCfg = Debug|Any CPU
		{410A0E64-F112-4B7C-9A49-421F8A7E176B}.Debug|Any CPU.Build.0 = Debug|Any CPU
		{410A0E64-F112-4B7C-9A49-421F8A7E176B}.Release|Any CPU.ActiveCfg = Release|Any CPU
		{410A0E64-F112-4B7C-9A49-421F8A7E176B}.Release|Any CPU.Build.0 = Release|Any CPU
		{EF06F4F6-36F4-4449-8ED4-7B9B71FBB980}.Debug|Any CPU.ActiveCfg = Debug|Any CPU
		{EF06F4F6-36F4-4449-8ED4-7B9B71FBB980}.Debug|Any CPU.Build.0 = Debug|Any CPU
		{EF06F4F6-36F4-4449-8ED4-7B9B71FBB980}.Release|Any CPU.ActiveCfg = Release|Any CPU
		{EF06F4F6-36F4-4449-8ED4-7B9B71FBB980}.Release|Any CPU.Build.0 = Release|Any CPU
	EndGlobalSection
	GlobalSection(SolutionProperties) = preSolution
		HideSolutionNode = FALSE
	EndGlobalSection
EndGlobal
